
Microsoft Visual Studio Solution File, Format Version 12.00
# Visual Studio Version 16
VisualStudioVersion = 16.0.30804.86
MinimumVisualStudioVersion = 10.0.40219.1
Project("{FAE04EC0-301F-11D3-BF4B-00C04F79EFBC}") = "examples", "examples.csproj", "{4D9D26A7-A429-4441-88CE-BB34024A7AAE}"
EndProject
Global
	GlobalSection(SolutionConfigurationPlatforms) = preSolution
		Debug|Any CPU = Debug|Any CPU
		Release|Any CPU = Release|Any CPU
	EndGlobalSection
	GlobalSection(ProjectConfigurationPlatforms) = postSolution
		{4D9D26A7-A429-4441-88CE-BB34024A7AAE}.Debug|Any CPU.ActiveCfg = Debug|Any CPU
		{4D9D26A7-A429-4441-88CE-BB34024A7AAE}.Debug|Any CPU.Build.0 = Debug|Any CPU
		{4D9D26A7-A429-4441-88CE-BB34024A7AAE}.Release|Any CPU.ActiveCfg = Release|Any CPU
		{4D9D26A7-A429-4441-88CE-BB34024A7AAE}.Release|Any CPU.Build.0 = Release|Any CPU
	EndGlobalSection
	GlobalSection(SolutionProperties) = preSolution
		HideSolutionNode = FALSE
	EndGlobalSection
	GlobalSection(ExtensibilityGlobals) = postSolution
		SolutionGuid = {A4C09CA4-E99E-4AD9-9C83-69D1EEF74F04}
	EndGlobalSection
EndGlobal
